
Microsoft Visual Studio Solution File, Format Version 12.00
# Visual Studio Version 17
VisualStudioVersion = 17.0.31903.59
MinimumVisualStudioVersion = 10.0.40219.1
Project("{FAE04EC0-301F-11D3-BF4B-00C04F79EFBC}") = "Template.Presentation", "Template.Presentation\Template.Presentation.csproj", "{10297C98-0540-4CBA-A518-A4D57FA20CBA}"
EndProject
Project("{FAE04EC0-301F-11D3-BF4B-00C04F79EFBC}") = "Template.Infrastructure", "Template.Infrastructure\Template.Infrastructure.csproj", "{3D722FC4-3246-4D7B-B1DB-F2781EB713C8}"
EndProject
Project("{FAE04EC0-301F-11D3-BF4B-00C04F79EFBC}") = "Template.Domain", "Template.Domain\Template.Domain.csproj", "{6E570C73-C360-4494-B524-1A3457B887B4}"
EndProject
Project("{FAE04EC0-301F-11D3-BF4B-00C04F79EFBC}") = "Template.Application", "Template.Application\Template.Application.csproj", "{12B5FFAB-C4BE-46D4-9024-0663BBCE173A}"
EndProject
Project("{E53339B2-1760-4266-BCC7-CA923CBCF16C}") = "docker-compose", "docker-compose.dcproj", "{2E2F7434-30C9-4F6D-9B18-37C22F90D4A4}"
EndProject
Project("{2150E333-8FDC-42A3-9474-1A3956D46DE8}") = "1 - APIs", "1 - APIs", "{B6739339-ED59-4719-8EB6-D77076C410FC}"
EndProject
Project("{2150E333-8FDC-42A3-9474-1A3956D46DE8}") = "2 - Application", "2 - Application", "{EA5E8165-0CDC-4154-A3DF-96962659B1C1}"
EndProject
Project("{2150E333-8FDC-42A3-9474-1A3956D46DE8}") = "3 - Domain", "3 - Domain", "{15DAE051-ACF6-4F34-AE4C-21DAE98BC917}"
EndProject
Project("{2150E333-8FDC-42A3-9474-1A3956D46DE8}") = "4 - Infrastructure", "4 - Infrastructure", "{10860B41-D66E-46B9-8D98-67F9E1069FDA}"
EndProject
Project("{2150E333-8FDC-42A3-9474-1A3956D46DE8}") = "6 - Docker", "6 - Docker", "{8E843BB6-E865-4444-AF46-FAFCE519944D}"
EndProject
Project("{2150E333-8FDC-42A3-9474-1A3956D46DE8}") = "5 - Tests", "5 - Tests", "{C529D808-4AC2-49E0-A695-3342C56FC37F}"
EndProject
Project("{2150E333-8FDC-42A3-9474-1A3956D46DE8}") = "4.1 - Data", "4.1 - Data", "{4AE185E0-9AD5-439A-926E-B414D8F7BCC6}"
EndProject
Global
	GlobalSection(SolutionConfigurationPlatforms) = preSolution
		Debug|Any CPU = Debug|Any CPU
		Release|Any CPU = Release|Any CPU
	EndGlobalSection
	GlobalSection(SolutionProperties) = preSolution
		HideSolutionNode = FALSE
	EndGlobalSection
	GlobalSection(ProjectConfigurationPlatforms) = postSolution
		{10297C98-0540-4CBA-A518-A4D57FA20CBA}.Debug|Any CPU.ActiveCfg = Debug|Any CPU
		{10297C98-0540-4CBA-A518-A4D57FA20CBA}.Debug|Any CPU.Build.0 = Debug|Any CPU
		{10297C98-0540-4CBA-A518-A4D57FA20CBA}.Release|Any CPU.ActiveCfg = Release|Any CPU
		{10297C98-0540-4CBA-A518-A4D57FA20CBA}.Release|Any CPU.Build.0 = Release|Any CPU
		{3D722FC4-3246-4D7B-B1DB-F2781EB713C8}.Debug|Any CPU.ActiveCfg = Debug|Any CPU
		{3D722FC4-3246-4D7B-B1DB-F2781EB713C8}.Debug|Any CPU.Build.0 = Debug|Any CPU
		{3D722FC4-3246-4D7B-B1DB-F2781EB713C8}.Release|Any CPU.ActiveCfg = Release|Any CPU
		{3D722FC4-3246-4D7B-B1DB-F2781EB713C8}.Release|Any CPU.Build.0 = Release|Any CPU
		{6E570C73-C360-4494-B524-1A3457B887B4}.Debug|Any CPU.ActiveCfg = Debug|Any CPU
		{6E570C73-C360-4494-B524-1A3457B887B4}.Debug|Any CPU.Build.0 = Debug|Any CPU
		{6E570C73-C360-4494-B524-1A3457B887B4}.Release|Any CPU.ActiveCfg = Release|Any CPU
		{6E570C73-C360-4494-B524-1A3457B887B4}.Release|Any CPU.Build.0 = Release|Any CPU
		{12B5FFAB-C4BE-46D4-9024-0663BBCE173A}.Debug|Any CPU.ActiveCfg = Debug|Any CPU
		{12B5FFAB-C4BE-46D4-9024-0663BBCE173A}.Debug|Any CPU.Build.0 = Debug|Any CPU
		{12B5FFAB-C4BE-46D4-9024-0663BBCE173A}.Release|Any CPU.ActiveCfg = Release|Any CPU
		{12B5FFAB-C4BE-46D4-9024-0663BBCE173A}.Release|Any CPU.Build.0 = Release|Any CPU
	EndGlobalSection
	GlobalSection(NestedProjects) = preSolution
		{4AE185E0-9AD5-439A-926E-B414D8F7BCC6} = {10860B41-D66E-46B9-8D98-67F9E1069FDA}
		{2E2F7434-30C9-4F6D-9B18-37C22F90D4A4} = {8E843BB6-E865-4444-AF46-FAFCE519944D}
		{3D722FC4-3246-4D7B-B1DB-F2781EB713C8} = {4AE185E0-9AD5-439A-926E-B414D8F7BCC6}
		{6E570C73-C360-4494-B524-1A3457B887B4} = {15DAE051-ACF6-4F34-AE4C-21DAE98BC917}
		{12B5FFAB-C4BE-46D4-9024-0663BBCE173A} = {EA5E8165-0CDC-4154-A3DF-96962659B1C1}
		{10297C98-0540-4CBA-A518-A4D57FA20CBA} = {B6739339-ED59-4719-8EB6-D77076C410FC}
	EndGlobalSection
EndGlobal
