
Microsoft Visual Studio Solution File, Format Version 12.00
# Visual Studio Version 17
VisualStudioVersion = 17.0.31903.59
MinimumVisualStudioVersion = 10.0.40219.1
Project("{2150E333-8FDC-42A3-9474-1A3956D46DE8}") = "src", "src", "{827E0CD3-B72D-47B6-A68D-7590B98EB39B}"
EndProject
Project("{2150E333-8FDC-42A3-9474-1A3956D46DE8}") = "Core", "Core", "{8D626EA8-CB54-BC41-363A-217881BEBA6E}"
EndProject
Project("{FAE04EC0-301F-11D3-BF4B-00C04F79EFBC}") = "Application", "src\Core\Application\Application.csproj", "{442C1192-BBC5-4442-A188-48F8C5A8E6AE}"
EndProject
Project("{FAE04EC0-301F-11D3-BF4B-00C04F79EFBC}") = "Domain", "src\Core\Domain\Domain.csproj", "{FD5E4527-F7A3-4EF6-87E8-717E72806504}"
EndProject
Project("{2150E333-8FDC-42A3-9474-1A3956D46DE8}") = "Host", "Host", "{981C2CF6-E5BB-602A-511C-234B538302B0}"
EndProject
Project("{FAE04EC0-301F-11D3-BF4B-00C04F79EFBC}") = "Boilerplate.WebApi", "src\Host\Boilerplate.WebApi\Boilerplate.WebApi.csproj", "{9AAE61F5-5324-430F-BD1B-EF882B6E2EE1}"
EndProject
Project("{2150E333-8FDC-42A3-9474-1A3956D46DE8}") = "Infra", "Infra", "{15879CB8-7A3F-14CE-5390-BDD4BAA5791B}"
EndProject
Project("{FAE04EC0-301F-11D3-BF4B-00C04F79EFBC}") = "Crosscutting.BaseApi", "src\Infra\Crosscutting.BaseApi\Crosscutting.BaseApi.csproj", "{1FF2785E-DDE2-4E8D-B579-1DA7F57FBD91}"
EndProject
Project("{FAE04EC0-301F-11D3-BF4B-00C04F79EFBC}") = "Crosscutting.SqlServer", "src\Infra\Crosscutting.SqlServer\Crosscutting.SqlServer.csproj", "{B9BB17BF-5F91-4132-873D-65F30E496246}"
EndProject
Project("{2150E333-8FDC-42A3-9474-1A3956D46DE8}") = "Tests", "Tests", "{CEA09484-30F6-4D44-02F6-822E06DBC57C}"
EndProject
Project("{FAE04EC0-301F-11D3-BF4B-00C04F79EFBC}") = "Unit.Tests", "src\Tests\Unit.Tests\Unit.Tests.csproj", "{37CE3454-6F0E-4655-9EB4-ECB21354DD7D}"
EndProject
Project("{E53339B2-1760-4266-BCC7-CA923CBCF16C}") = "docker-compose", "docker-compose.dcproj", "{81DDED9D-158B-E303-5F62-77A2896D2A5A}"
EndProject
Global
	GlobalSection(SolutionConfigurationPlatforms) = preSolution
		Debug|Any CPU = Debug|Any CPU
		Debug|x64 = Debug|x64
		Debug|x86 = Debug|x86
		Release|Any CPU = Release|Any CPU
		Release|x64 = Release|x64
		Release|x86 = Release|x86
	EndGlobalSection
	GlobalSection(ProjectConfigurationPlatforms) = postSolution
		{442C1192-BBC5-4442-A188-48F8C5A8E6AE}.Debug|Any CPU.ActiveCfg = Debug|Any CPU
		{442C1192-BBC5-4442-A188-48F8C5A8E6AE}.Debug|Any CPU.Build.0 = Debug|Any CPU
		{442C1192-BBC5-4442-A188-48F8C5A8E6AE}.Debug|x64.ActiveCfg = Debug|Any CPU
		{442C1192-BBC5-4442-A188-48F8C5A8E6AE}.Debug|x64.Build.0 = Debug|Any CPU
		{442C1192-BBC5-4442-A188-48F8C5A8E6AE}.Debug|x86.ActiveCfg = Debug|Any CPU
		{442C1192-BBC5-4442-A188-48F8C5A8E6AE}.Debug|x86.Build.0 = Debug|Any CPU
		{442C1192-BBC5-4442-A188-48F8C5A8E6AE}.Release|Any CPU.ActiveCfg = Release|Any CPU
		{442C1192-BBC5-4442-A188-48F8C5A8E6AE}.Release|Any CPU.Build.0 = Release|Any CPU
		{442C1192-BBC5-4442-A188-48F8C5A8E6AE}.Release|x64.ActiveCfg = Release|Any CPU
		{442C1192-BBC5-4442-A188-48F8C5A8E6AE}.Release|x64.Build.0 = Release|Any CPU
		{442C1192-BBC5-4442-A188-48F8C5A8E6AE}.Release|x86.ActiveCfg = Release|Any CPU
		{442C1192-BBC5-4442-A188-48F8C5A8E6AE}.Release|x86.Build.0 = Release|Any CPU
		{FD5E4527-F7A3-4EF6-87E8-717E72806504}.Debug|Any CPU.ActiveCfg = Debug|Any CPU
		{FD5E4527-F7A3-4EF6-87E8-717E72806504}.Debug|Any CPU.Build.0 = Debug|Any CPU
		{FD5E4527-F7A3-4EF6-87E8-717E72806504}.Debug|x64.ActiveCfg = Debug|Any CPU
		{FD5E4527-F7A3-4EF6-87E8-717E72806504}.Debug|x64.Build.0 = Debug|Any CPU
		{FD5E4527-F7A3-4EF6-87E8-717E72806504}.Debug|x86.ActiveCfg = Debug|Any CPU
		{FD5E4527-F7A3-4EF6-87E8-717E72806504}.Debug|x86.Build.0 = Debug|Any CPU
		{FD5E4527-F7A3-4EF6-87E8-717E72806504}.Release|Any CPU.ActiveCfg = Release|Any CPU
		{FD5E4527-F7A3-4EF6-87E8-717E72806504}.Release|Any CPU.Build.0 = Release|Any CPU
		{FD5E4527-F7A3-4EF6-87E8-717E72806504}.Release|x64.ActiveCfg = Release|Any CPU
		{FD5E4527-F7A3-4EF6-87E8-717E72806504}.Release|x64.Build.0 = Release|Any CPU
		{FD5E4527-F7A3-4EF6-87E8-717E72806504}.Release|x86.ActiveCfg = Release|Any CPU
		{FD5E4527-F7A3-4EF6-87E8-717E72806504}.Release|x86.Build.0 = Release|Any CPU
		{9AAE61F5-5324-430F-BD1B-EF882B6E2EE1}.Debug|Any CPU.ActiveCfg = Debug|Any CPU
		{9AAE61F5-5324-430F-BD1B-EF882B6E2EE1}.Debug|Any CPU.Build.0 = Debug|Any CPU
		{9AAE61F5-5324-430F-BD1B-EF882B6E2EE1}.Debug|x64.ActiveCfg = Debug|Any CPU
		{9AAE61F5-5324-430F-BD1B-EF882B6E2EE1}.Debug|x64.Build.0 = Debug|Any CPU
		{9AAE61F5-5324-430F-BD1B-EF882B6E2EE1}.Debug|x86.ActiveCfg = Debug|Any CPU
		{9AAE61F5-5324-430F-BD1B-EF882B6E2EE1}.Debug|x86.Build.0 = Debug|Any CPU
		{9AAE61F5-5324-430F-BD1B-EF882B6E2EE1}.Release|Any CPU.ActiveCfg = Release|Any CPU
		{9AAE61F5-5324-430F-BD1B-EF882B6E2EE1}.Release|Any CPU.Build.0 = Release|Any CPU
		{9AAE61F5-5324-430F-BD1B-EF882B6E2EE1}.Release|x64.ActiveCfg = Release|Any CPU
		{9AAE61F5-5324-430F-BD1B-EF882B6E2EE1}.Release|x64.Build.0 = Release|Any CPU
		{9AAE61F5-5324-430F-BD1B-EF882B6E2EE1}.Release|x86.ActiveCfg = Release|Any CPU
		{9AAE61F5-5324-430F-BD1B-EF882B6E2EE1}.Release|x86.Build.0 = Release|Any CPU
		{1FF2785E-DDE2-4E8D-B579-1DA7F57FBD91}.Debug|Any CPU.ActiveCfg = Debug|Any CPU
		{1FF2785E-DDE2-4E8D-B579-1DA7F57FBD91}.Debug|Any CPU.Build.0 = Debug|Any CPU
		{1FF2785E-DDE2-4E8D-B579-1DA7F57FBD91}.Debug|x64.ActiveCfg = Debug|Any CPU
		{1FF2785E-DDE2-4E8D-B579-1DA7F57FBD91}.Debug|x64.Build.0 = Debug|Any CPU
		{1FF2785E-DDE2-4E8D-B579-1DA7F57FBD91}.Debug|x86.ActiveCfg = Debug|Any CPU
		{1FF2785E-DDE2-4E8D-B579-1DA7F57FBD91}.Debug|x86.Build.0 = Debug|Any CPU
		{1FF2785E-DDE2-4E8D-B579-1DA7F57FBD91}.Release|Any CPU.ActiveCfg = Release|Any CPU
		{1FF2785E-DDE2-4E8D-B579-1DA7F57FBD91}.Release|Any CPU.Build.0 = Release|Any CPU
		{1FF2785E-DDE2-4E8D-B579-1DA7F57FBD91}.Release|x64.ActiveCfg = Release|Any CPU
		{1FF2785E-DDE2-4E8D-B579-1DA7F57FBD91}.Release|x64.Build.0 = Release|Any CPU
		{1FF2785E-DDE2-4E8D-B579-1DA7F57FBD91}.Release|x86.ActiveCfg = Release|Any CPU
		{1FF2785E-DDE2-4E8D-B579-1DA7F57FBD91}.Release|x86.Build.0 = Release|Any CPU
		{B9BB17BF-5F91-4132-873D-65F30E496246}.Debug|Any CPU.ActiveCfg = Debug|Any CPU
		{B9BB17BF-5F91-4132-873D-65F30E496246}.Debug|Any CPU.Build.0 = Debug|Any CPU
		{B9BB17BF-5F91-4132-873D-65F30E496246}.Debug|x64.ActiveCfg = Debug|Any CPU
		{B9BB17BF-5F91-4132-873D-65F30E496246}.Debug|x64.Build.0 = Debug|Any CPU
		{B9BB17BF-5F91-4132-873D-65F30E496246}.Debug|x86.ActiveCfg = Debug|Any CPU
		{B9BB17BF-5F91-4132-873D-65F30E496246}.Debug|x86.Build.0 = Debug|Any CPU
		{B9BB17BF-5F91-4132-873D-65F30E496246}.Release|Any CPU.ActiveCfg = Release|Any CPU
		{B9BB17BF-5F91-4132-873D-65F30E496246}.Release|Any CPU.Build.0 = Release|Any CPU
		{B9BB17BF-5F91-4132-873D-65F30E496246}.Release|x64.ActiveCfg = Release|Any CPU
		{B9BB17BF-5F91-4132-873D-65F30E496246}.Release|x64.Build.0 = Release|Any CPU
		{B9BB17BF-5F91-4132-873D-65F30E496246}.Release|x86.ActiveCfg = Release|Any CPU
		{B9BB17BF-5F91-4132-873D-65F30E496246}.Release|x86.Build.0 = Release|Any CPU
		{37CE3454-6F0E-4655-9EB4-ECB21354DD7D}.Debug|Any CPU.ActiveCfg = Debug|Any CPU
		{37CE3454-6F0E-4655-9EB4-ECB21354DD7D}.Debug|Any CPU.Build.0 = Debug|Any CPU
		{37CE3454-6F0E-4655-9EB4-ECB21354DD7D}.Debug|x64.ActiveCfg = Debug|Any CPU
		{37CE3454-6F0E-4655-9EB4-ECB21354DD7D}.Debug|x64.Build.0 = Debug|Any CPU
		{37CE3454-6F0E-4655-9EB4-ECB21354DD7D}.Debug|x86.ActiveCfg = Debug|Any CPU
		{37CE3454-6F0E-4655-9EB4-ECB21354DD7D}.Debug|x86.Build.0 = Debug|Any CPU
		{37CE3454-6F0E-4655-9EB4-ECB21354DD7D}.Release|Any CPU.ActiveCfg = Release|Any CPU
		{37CE3454-6F0E-4655-9EB4-ECB21354DD7D}.Release|Any CPU.Build.0 = Release|Any CPU
		{37CE3454-6F0E-4655-9EB4-ECB21354DD7D}.Release|x64.ActiveCfg = Release|Any CPU
		{37CE3454-6F0E-4655-9EB4-ECB21354DD7D}.Release|x64.Build.0 = Release|Any CPU
		{37CE3454-6F0E-4655-9EB4-ECB21354DD7D}.Release|x86.ActiveCfg = Release|Any CPU
		{37CE3454-6F0E-4655-9EB4-ECB21354DD7D}.Release|x86.Build.0 = Release|Any CPU
		{81DDED9D-158B-E303-5F62-77A2896D2A5A}.Debug|Any CPU.ActiveCfg = Debug|Any CPU
		{81DDED9D-158B-E303-5F62-77A2896D2A5A}.Debug|Any CPU.Build.0 = Debug|Any CPU
		{81DDED9D-158B-E303-5F62-77A2896D2A5A}.Debug|x64.ActiveCfg = Debug|Any CPU
		{81DDED9D-158B-E303-5F62-77A2896D2A5A}.Debug|x64.Build.0 = Debug|Any CPU
		{81DDED9D-158B-E303-5F62-77A2896D2A5A}.Debug|x86.ActiveCfg = Debug|Any CPU
		{81DDED9D-158B-E303-5F62-77A2896D2A5A}.Debug|x86.Build.0 = Debug|Any CPU
		{81DDED9D-158B-E303-5F62-77A2896D2A5A}.Release|Any CPU.ActiveCfg = Release|Any CPU
		{81DDED9D-158B-E303-5F62-77A2896D2A5A}.Release|Any CPU.Build.0 = Release|Any CPU
		{81DDED9D-158B-E303-5F62-77A2896D2A5A}.Release|x64.ActiveCfg = Release|Any CPU
		{81DDED9D-158B-E303-5F62-77A2896D2A5A}.Release|x64.Build.0 = Release|Any CPU
		{81DDED9D-158B-E303-5F62-77A2896D2A5A}.Release|x86.ActiveCfg = Release|Any CPU
		{81DDED9D-158B-E303-5F62-77A2896D2A5A}.Release|x86.Build.0 = Release|Any CPU
	EndGlobalSection
	GlobalSection(SolutionProperties) = preSolution
		HideSolutionNode = FALSE
	EndGlobalSection
	GlobalSection(NestedProjects) = preSolution
		{8D626EA8-CB54-BC41-363A-217881BEBA6E} = {827E0CD3-B72D-47B6-A68D-7590B98EB39B}
		{442C1192-BBC5-4442-A188-48F8C5A8E6AE} = {8D626EA8-CB54-BC41-363A-217881BEBA6E}
		{FD5E4527-F7A3-4EF6-87E8-717E72806504} = {8D626EA8-CB54-BC41-363A-217881BEBA6E}
		{981C2CF6-E5BB-602A-511C-234B538302B0} = {827E0CD3-B72D-47B6-A68D-7590B98EB39B}
		{9AAE61F5-5324-430F-BD1B-EF882B6E2EE1} = {981C2CF6-E5BB-602A-511C-234B538302B0}
		{15879CB8-7A3F-14CE-5390-BDD4BAA5791B} = {827E0CD3-B72D-47B6-A68D-7590B98EB39B}
		{1FF2785E-DDE2-4E8D-B579-1DA7F57FBD91} = {15879CB8-7A3F-14CE-5390-BDD4BAA5791B}
		{B9BB17BF-5F91-4132-873D-65F30E496246} = {15879CB8-7A3F-14CE-5390-BDD4BAA5791B}
		{CEA09484-30F6-4D44-02F6-822E06DBC57C} = {827E0CD3-B72D-47B6-A68D-7590B98EB39B}
		{37CE3454-6F0E-4655-9EB4-ECB21354DD7D} = {CEA09484-30F6-4D44-02F6-822E06DBC57C}
	EndGlobalSection
EndGlobal
