
Microsoft Visual Studio Solution File, Format Version 12.00
# Visual Studio Version 16
VisualStudioVersion = 16.0.30114.105
MinimumVisualStudioVersion = 10.0.40219.1
Project("{FAE04EC0-301F-11D3-BF4B-00C04F79EFBC}") = "CleanArch.Infra.IoC", "CleanArch.Infra.IoC\CleanArch.Infra.IoC.csproj", "{2C8BFAD2-A4AB-4077-903D-22EECE8A5E2C}"
EndProject
Project("{FAE04EC0-301F-11D3-BF4B-00C04F79EFBC}") = "CleanArch.Infra.Data", "CleanArch.Infra.Data\CleanArch.Infra.Data.csproj", "{4C17BEBF-2F3B-4B50-8EE3-1E3AED67EC7E}"
EndProject
Project("{FAE04EC0-301F-11D3-BF4B-00C04F79EFBC}") = "CleanArch.Domain", "CleanArch.Domain\CleanArch.Domain.csproj", "{1D80C3D1-86AC-4B60-A586-559FC9B053F6}"
EndProject
Project("{FAE04EC0-301F-11D3-BF4B-00C04F79EFBC}") = "CleanArch.Application", "CleanArch.Application\CleanArch.Application.csproj", "{B0C2539F-53D1-41F1-94F1-3D7FD9C4CD44}"
EndProject
Project("{FAE04EC0-301F-11D3-BF4B-00C04F79EFBC}") = "CleanArch.MVC", "CleanArch.MVC\CleanArch.MVC.csproj", "{F3B5B306-AEFE-4128-AEA1-5008E24F62FF}"
EndProject
Global
	GlobalSection(SolutionConfigurationPlatforms) = preSolution
		Debug|Any CPU = Debug|Any CPU
		Debug|x64 = Debug|x64
		Debug|x86 = Debug|x86
		Release|Any CPU = Release|Any CPU
		Release|x64 = Release|x64
		Release|x86 = Release|x86
	EndGlobalSection
	GlobalSection(SolutionProperties) = preSolution
		HideSolutionNode = FALSE
	EndGlobalSection
	GlobalSection(ProjectConfigurationPlatforms) = postSolution
		{2C8BFAD2-A4AB-4077-903D-22EECE8A5E2C}.Debug|Any CPU.ActiveCfg = Debug|Any CPU
		{2C8BFAD2-A4AB-4077-903D-22EECE8A5E2C}.Debug|Any CPU.Build.0 = Debug|Any CPU
		{2C8BFAD2-A4AB-4077-903D-22EECE8A5E2C}.Debug|x64.ActiveCfg = Debug|Any CPU
		{2C8BFAD2-A4AB-4077-903D-22EECE8A5E2C}.Debug|x64.Build.0 = Debug|Any CPU
		{2C8BFAD2-A4AB-4077-903D-22EECE8A5E2C}.Debug|x86.ActiveCfg = Debug|Any CPU
		{2C8BFAD2-A4AB-4077-903D-22EECE8A5E2C}.Debug|x86.Build.0 = Debug|Any CPU
		{2C8BFAD2-A4AB-4077-903D-22EECE8A5E2C}.Release|Any CPU.ActiveCfg = Release|Any CPU
		{2C8BFAD2-A4AB-4077-903D-22EECE8A5E2C}.Release|Any CPU.Build.0 = Release|Any CPU
		{2C8BFAD2-A4AB-4077-903D-22EECE8A5E2C}.Release|x64.ActiveCfg = Release|Any CPU
		{2C8BFAD2-A4AB-4077-903D-22EECE8A5E2C}.Release|x64.Build.0 = Release|Any CPU
		{2C8BFAD2-A4AB-4077-903D-22EECE8A5E2C}.Release|x86.ActiveCfg = Release|Any CPU
		{2C8BFAD2-A4AB-4077-903D-22EECE8A5E2C}.Release|x86.Build.0 = Release|Any CPU
		{4C17BEBF-2F3B-4B50-8EE3-1E3AED67EC7E}.Debug|Any CPU.ActiveCfg = Debug|Any CPU
		{4C17BEBF-2F3B-4B50-8EE3-1E3AED67EC7E}.Debug|Any CPU.Build.0 = Debug|Any CPU
		{4C17BEBF-2F3B-4B50-8EE3-1E3AED67EC7E}.Debug|x64.ActiveCfg = Debug|Any CPU
		{4C17BEBF-2F3B-4B50-8EE3-1E3AED67EC7E}.Debug|x64.Build.0 = Debug|Any CPU
		{4C17BEBF-2F3B-4B50-8EE3-1E3AED67EC7E}.Debug|x86.ActiveCfg = Debug|Any CPU
		{4C17BEBF-2F3B-4B50-8EE3-1E3AED67EC7E}.Debug|x86.Build.0 = Debug|Any CPU
		{4C17BEBF-2F3B-4B50-8EE3-1E3AED67EC7E}.Release|Any CPU.ActiveCfg = Release|Any CPU
		{4C17BEBF-2F3B-4B50-8EE3-1E3AED67EC7E}.Release|Any CPU.Build.0 = Release|Any CPU
		{4C17BEBF-2F3B-4B50-8EE3-1E3AED67EC7E}.Release|x64.ActiveCfg = Release|Any CPU
		{4C17BEBF-2F3B-4B50-8EE3-1E3AED67EC7E}.Release|x64.Build.0 = Release|Any CPU
		{4C17BEBF-2F3B-4B50-8EE3-1E3AED67EC7E}.Release|x86.ActiveCfg = Release|Any CPU
		{4C17BEBF-2F3B-4B50-8EE3-1E3AED67EC7E}.Release|x86.Build.0 = Release|Any CPU
		{1D80C3D1-86AC-4B60-A586-559FC9B053F6}.Debug|Any CPU.ActiveCfg = Debug|Any CPU
		{1D80C3D1-86AC-4B60-A586-559FC9B053F6}.Debug|Any CPU.Build.0 = Debug|Any CPU
		{1D80C3D1-86AC-4B60-A586-559FC9B053F6}.Debug|x64.ActiveCfg = Debug|Any CPU
		{1D80C3D1-86AC-4B60-A586-559FC9B053F6}.Debug|x64.Build.0 = Debug|Any CPU
		{1D80C3D1-86AC-4B60-A586-559FC9B053F6}.Debug|x86.ActiveCfg = Debug|Any CPU
		{1D80C3D1-86AC-4B60-A586-559FC9B053F6}.Debug|x86.Build.0 = Debug|Any CPU
		{1D80C3D1-86AC-4B60-A586-559FC9B053F6}.Release|Any CPU.ActiveCfg = Release|Any CPU
		{1D80C3D1-86AC-4B60-A586-559FC9B053F6}.Release|Any CPU.Build.0 = Release|Any CPU
		{1D80C3D1-86AC-4B60-A586-559FC9B053F6}.Release|x64.ActiveCfg = Release|Any CPU
		{1D80C3D1-86AC-4B60-A586-559FC9B053F6}.Release|x64.Build.0 = Release|Any CPU
		{1D80C3D1-86AC-4B60-A586-559FC9B053F6}.Release|x86.ActiveCfg = Release|Any CPU
		{1D80C3D1-86AC-4B60-A586-559FC9B053F6}.Release|x86.Build.0 = Release|Any CPU
		{B0C2539F-53D1-41F1-94F1-3D7FD9C4CD44}.Debug|Any CPU.ActiveCfg = Debug|Any CPU
		{B0C2539F-53D1-41F1-94F1-3D7FD9C4CD44}.Debug|Any CPU.Build.0 = Debug|Any CPU
		{B0C2539F-53D1-41F1-94F1-3D7FD9C4CD44}.Debug|x64.ActiveCfg = Debug|Any CPU
		{B0C2539F-53D1-41F1-94F1-3D7FD9C4CD44}.Debug|x64.Build.0 = Debug|Any CPU
		{B0C2539F-53D1-41F1-94F1-3D7FD9C4CD44}.Debug|x86.ActiveCfg = Debug|Any CPU
		{B0C2539F-53D1-41F1-94F1-3D7FD9C4CD44}.Debug|x86.Build.0 = Debug|Any CPU
		{B0C2539F-53D1-41F1-94F1-3D7FD9C4CD44}.Release|Any CPU.ActiveCfg = Release|Any CPU
		{B0C2539F-53D1-41F1-94F1-3D7FD9C4CD44}.Release|Any CPU.Build.0 = Release|Any CPU
		{B0C2539F-53D1-41F1-94F1-3D7FD9C4CD44}.Release|x64.ActiveCfg = Release|Any CPU
		{B0C2539F-53D1-41F1-94F1-3D7FD9C4CD44}.Release|x64.Build.0 = Release|Any CPU
		{B0C2539F-53D1-41F1-94F1-3D7FD9C4CD44}.Release|x86.ActiveCfg = Release|Any CPU
		{B0C2539F-53D1-41F1-94F1-3D7FD9C4CD44}.Release|x86.Build.0 = Release|Any CPU
		{F3B5B306-AEFE-4128-AEA1-5008E24F62FF}.Debug|Any CPU.ActiveCfg = Debug|Any CPU
		{F3B5B306-AEFE-4128-AEA1-5008E24F62FF}.Debug|Any CPU.Build.0 = Debug|Any CPU
		{F3B5B306-AEFE-4128-AEA1-5008E24F62FF}.Debug|x64.ActiveCfg = Debug|Any CPU
		{F3B5B306-AEFE-4128-AEA1-5008E24F62FF}.Debug|x64.Build.0 = Debug|Any CPU
		{F3B5B306-AEFE-4128-AEA1-5008E24F62FF}.Debug|x86.ActiveCfg = Debug|Any CPU
		{F3B5B306-AEFE-4128-AEA1-5008E24F62FF}.Debug|x86.Build.0 = Debug|Any CPU
		{F3B5B306-AEFE-4128-AEA1-5008E24F62FF}.Release|Any CPU.ActiveCfg = Release|Any CPU
		{F3B5B306-AEFE-4128-AEA1-5008E24F62FF}.Release|Any CPU.Build.0 = Release|Any CPU
		{F3B5B306-AEFE-4128-AEA1-5008E24F62FF}.Release|x64.ActiveCfg = Release|Any CPU
		{F3B5B306-AEFE-4128-AEA1-5008E24F62FF}.Release|x64.Build.0 = Release|Any CPU
		{F3B5B306-AEFE-4128-AEA1-5008E24F62FF}.Release|x86.ActiveCfg = Release|Any CPU
		{F3B5B306-AEFE-4128-AEA1-5008E24F62FF}.Release|x86.Build.0 = Release|Any CPU
	EndGlobalSection
EndGlobal
