
Microsoft Visual Studio Solution File, Format Version 12.00
# Visual Studio Version 16
VisualStudioVersion = 16.0.30114.105
MinimumVisualStudioVersion = 10.0.40219.1
Project("{FAE04EC0-301F-11D3-BF4B-00C04F79EFBC}") = "Template.Tests", "Template.Tests\Template.Tests.csproj", "{3D708013-5A3C-4E49-9861-B4C0DF5D24E3}"
EndProject
Project("{FAE04EC0-301F-11D3-BF4B-00C04F79EFBC}") = "Template.Infraestructure", "Template.Infraestructure\Template.Infraestructure.csproj", "{35AB02C5-5C5D-423B-A2A1-824E01327731}"
EndProject
Project("{FAE04EC0-301F-11D3-BF4B-00C04F79EFBC}") = "Template.Host", "Template.Host\Template.Host.csproj", "{0327317C-DFE9-4EBF-B4AF-BAA722BF95D4}"
EndProject
Project("{FAE04EC0-301F-11D3-BF4B-00C04F79EFBC}") = "Template.Domain", "Template.Domain\Template.Domain.csproj", "{F58AE7A4-66AB-4C2A-B92B-CA128F08CA15}"
EndProject
Project("{FAE04EC0-301F-11D3-BF4B-00C04F79EFBC}") = "Template.Application", "Template.Application\Template.Application.csproj", "{BA6C03A1-AE35-45D0-9F19-0202B74CE66F}"
EndProject
Global
	GlobalSection(SolutionConfigurationPlatforms) = preSolution
		Debug|Any CPU = Debug|Any CPU
		Release|Any CPU = Release|Any CPU
	EndGlobalSection
	GlobalSection(SolutionProperties) = preSolution
		HideSolutionNode = FALSE
	EndGlobalSection
	GlobalSection(ProjectConfigurationPlatforms) = postSolution
		{3D708013-5A3C-4E49-9861-B4C0DF5D24E3}.Debug|Any CPU.ActiveCfg = Debug|Any CPU
		{3D708013-5A3C-4E49-9861-B4C0DF5D24E3}.Debug|Any CPU.Build.0 = Debug|Any CPU
		{3D708013-5A3C-4E49-9861-B4C0DF5D24E3}.Release|Any CPU.ActiveCfg = Release|Any CPU
		{3D708013-5A3C-4E49-9861-B4C0DF5D24E3}.Release|Any CPU.Build.0 = Release|Any CPU
		{35AB02C5-5C5D-423B-A2A1-824E01327731}.Debug|Any CPU.ActiveCfg = Debug|Any CPU
		{35AB02C5-5C5D-423B-A2A1-824E01327731}.Debug|Any CPU.Build.0 = Debug|Any CPU
		{35AB02C5-5C5D-423B-A2A1-824E01327731}.Release|Any CPU.ActiveCfg = Release|Any CPU
		{35AB02C5-5C5D-423B-A2A1-824E01327731}.Release|Any CPU.Build.0 = Release|Any CPU
		{0327317C-DFE9-4EBF-B4AF-BAA722BF95D4}.Debug|Any CPU.ActiveCfg = Debug|Any CPU
		{0327317C-DFE9-4EBF-B4AF-BAA722BF95D4}.Debug|Any CPU.Build.0 = Debug|Any CPU
		{0327317C-DFE9-4EBF-B4AF-BAA722BF95D4}.Release|Any CPU.ActiveCfg = Release|Any CPU
		{0327317C-DFE9-4EBF-B4AF-BAA722BF95D4}.Release|Any CPU.Build.0 = Release|Any CPU
		{F58AE7A4-66AB-4C2A-B92B-CA128F08CA15}.Debug|Any CPU.ActiveCfg = Debug|Any CPU
		{F58AE7A4-66AB-4C2A-B92B-CA128F08CA15}.Debug|Any CPU.Build.0 = Debug|Any CPU
		{F58AE7A4-66AB-4C2A-B92B-CA128F08CA15}.Release|Any CPU.ActiveCfg = Release|Any CPU
		{F58AE7A4-66AB-4C2A-B92B-CA128F08CA15}.Release|Any CPU.Build.0 = Release|Any CPU
		{BA6C03A1-AE35-45D0-9F19-0202B74CE66F}.Debug|Any CPU.ActiveCfg = Debug|Any CPU
		{BA6C03A1-AE35-45D0-9F19-0202B74CE66F}.Debug|Any CPU.Build.0 = Debug|Any CPU
		{BA6C03A1-AE35-45D0-9F19-0202B74CE66F}.Release|Any CPU.ActiveCfg = Release|Any CPU
		{BA6C03A1-AE35-45D0-9F19-0202B74CE66F}.Release|Any CPU.Build.0 = Release|Any CPU
	EndGlobalSection
EndGlobal
