
Microsoft Visual Studio Solution File, Format Version 12.00
# Visual Studio Version 17
VisualStudioVersion = 17.0.31903.59
MinimumVisualStudioVersion = 10.0.40219.1
Project("{2150E333-8FDC-42A3-9474-1A3956D46DE8}") = "src", "src", "{6E1DBADC-16EA-4063-A172-751F44DD769C}"
EndProject
Project("{2150E333-8FDC-42A3-9474-1A3956D46DE8}") = "Tests", "Tests", "{34CEF400-46C2-44E9-BF58-72CC3AA4CDE6}"
EndProject
Project("{FAE04EC0-301F-11D3-BF4B-00C04F79EFBC}") = "Architecture.Tests", "src\Tests\Architecture.Tests\Architecture.Tests.csproj", "{DCCE7268-531E-483F-8F02-3075AA3832A9}"
EndProject
Project("{2150E333-8FDC-42A3-9474-1A3956D46DE8}") = "External", "External", "{D3B534A4-A957-48FB-88A4-75AC2671021F}"
EndProject
Project("{FAE04EC0-301F-11D3-BF4B-00C04F79EFBC}") = "Presentation", "src\External\Presentation\Presentation.csproj", "{6C3F8560-CD8C-4AE5-928B-6D745CD1A49F}"
EndProject
Project("{FAE04EC0-301F-11D3-BF4B-00C04F79EFBC}") = "Infrastructure", "src\External\Infrastructure\Infrastructure.csproj", "{D9B28C33-50B9-40DF-8047-E1DDFD2DE12E}"
EndProject
Project("{2150E333-8FDC-42A3-9474-1A3956D46DE8}") = "Core", "Core", "{A97AFB9A-9BB7-49A5-9240-50E08FB9DC82}"
EndProject
Project("{FAE04EC0-301F-11D3-BF4B-00C04F79EFBC}") = "Application", "src\Core\Application\Application.csproj", "{C5C0198A-9C28-4921-AEE7-5D3323E84ABA}"
EndProject
Project("{FAE04EC0-301F-11D3-BF4B-00C04F79EFBC}") = "Domain", "src\Core\Domain\Domain.csproj", "{C54B0306-0CEA-4EF7-BA65-817904FD430E}"
EndProject
Global
	GlobalSection(SolutionConfigurationPlatforms) = preSolution
		Debug|Any CPU = Debug|Any CPU
		Release|Any CPU = Release|Any CPU
	EndGlobalSection
	GlobalSection(SolutionProperties) = preSolution
		HideSolutionNode = FALSE
	EndGlobalSection
	GlobalSection(ProjectConfigurationPlatforms) = postSolution
		{DCCE7268-531E-483F-8F02-3075AA3832A9}.Debug|Any CPU.ActiveCfg = Debug|Any CPU
		{DCCE7268-531E-483F-8F02-3075AA3832A9}.Debug|Any CPU.Build.0 = Debug|Any CPU
		{DCCE7268-531E-483F-8F02-3075AA3832A9}.Release|Any CPU.ActiveCfg = Release|Any CPU
		{DCCE7268-531E-483F-8F02-3075AA3832A9}.Release|Any CPU.Build.0 = Release|Any CPU
		{6C3F8560-CD8C-4AE5-928B-6D745CD1A49F}.Debug|Any CPU.ActiveCfg = Debug|Any CPU
		{6C3F8560-CD8C-4AE5-928B-6D745CD1A49F}.Debug|Any CPU.Build.0 = Debug|Any CPU
		{6C3F8560-CD8C-4AE5-928B-6D745CD1A49F}.Release|Any CPU.ActiveCfg = Release|Any CPU
		{6C3F8560-CD8C-4AE5-928B-6D745CD1A49F}.Release|Any CPU.Build.0 = Release|Any CPU
		{D9B28C33-50B9-40DF-8047-E1DDFD2DE12E}.Debug|Any CPU.ActiveCfg = Debug|Any CPU
		{D9B28C33-50B9-40DF-8047-E1DDFD2DE12E}.Debug|Any CPU.Build.0 = Debug|Any CPU
		{D9B28C33-50B9-40DF-8047-E1DDFD2DE12E}.Release|Any CPU.ActiveCfg = Release|Any CPU
		{D9B28C33-50B9-40DF-8047-E1DDFD2DE12E}.Release|Any CPU.Build.0 = Release|Any CPU
		{C5C0198A-9C28-4921-AEE7-5D3323E84ABA}.Debug|Any CPU.ActiveCfg = Debug|Any CPU
		{C5C0198A-9C28-4921-AEE7-5D3323E84ABA}.Debug|Any CPU.Build.0 = Debug|Any CPU
		{C5C0198A-9C28-4921-AEE7-5D3323E84ABA}.Release|Any CPU.ActiveCfg = Release|Any CPU
		{C5C0198A-9C28-4921-AEE7-5D3323E84ABA}.Release|Any CPU.Build.0 = Release|Any CPU
		{C54B0306-0CEA-4EF7-BA65-817904FD430E}.Debug|Any CPU.ActiveCfg = Debug|Any CPU
		{C54B0306-0CEA-4EF7-BA65-817904FD430E}.Debug|Any CPU.Build.0 = Debug|Any CPU
		{C54B0306-0CEA-4EF7-BA65-817904FD430E}.Release|Any CPU.ActiveCfg = Release|Any CPU
		{C54B0306-0CEA-4EF7-BA65-817904FD430E}.Release|Any CPU.Build.0 = Release|Any CPU
	EndGlobalSection
	GlobalSection(NestedProjects) = preSolution
		{34CEF400-46C2-44E9-BF58-72CC3AA4CDE6} = {6E1DBADC-16EA-4063-A172-751F44DD769C}
		{DCCE7268-531E-483F-8F02-3075AA3832A9} = {34CEF400-46C2-44E9-BF58-72CC3AA4CDE6}
		{D3B534A4-A957-48FB-88A4-75AC2671021F} = {6E1DBADC-16EA-4063-A172-751F44DD769C}
		{6C3F8560-CD8C-4AE5-928B-6D745CD1A49F} = {D3B534A4-A957-48FB-88A4-75AC2671021F}
		{D9B28C33-50B9-40DF-8047-E1DDFD2DE12E} = {D3B534A4-A957-48FB-88A4-75AC2671021F}
		{A97AFB9A-9BB7-49A5-9240-50E08FB9DC82} = {6E1DBADC-16EA-4063-A172-751F44DD769C}
		{C5C0198A-9C28-4921-AEE7-5D3323E84ABA} = {A97AFB9A-9BB7-49A5-9240-50E08FB9DC82}
		{C54B0306-0CEA-4EF7-BA65-817904FD430E} = {A97AFB9A-9BB7-49A5-9240-50E08FB9DC82}
	EndGlobalSection
EndGlobal
